
Microsoft Visual Studio Solution File, Format Version 12.00
# Visual Studio Version 17
VisualStudioVersion = 17.12.35514.174 d17.12
MinimumVisualStudioVersion = 10.0.40219.1
Project("{FAE04EC0-301F-11D3-BF4B-00C04F79EFBC}") = "DijkstrasAlgorithmApi", "DijkstrasAlgorithmApi\DijkstrasAlgorithmApi.csproj", "{56D7440E-1164-4507-9887-D32D3CC57E74}"
EndProject
Project("{FAE04EC0-301F-11D3-BF4B-00C04F79EFBC}") = "DijkstrasAlgorithmConsole", "DijkstrasAlgorithmConsole\DijkstrasAlgorithmConsole.csproj", "{8FFBD513-9867-4BE7-96DB-B5046582E861}"
EndProject
Project("{FAE04EC0-301F-11D3-BF4B-00C04F79EFBC}") = "DijkstrasAlgorithmNunitTest", "DijkstrasAlgorithmNunitTest\DijkstrasAlgorithmNunitTest.csproj", "{B1DEA227-43BE-4643-9379-3511B83DF831}"
EndProject
Global
	GlobalSection(SolutionConfigurationPlatforms) = preSolution
		Debug|Any CPU = Debug|Any CPU
		Release|Any CPU = Release|Any CPU
	EndGlobalSection
	GlobalSection(ProjectConfigurationPlatforms) = postSolution
		{56D7440E-1164-4507-9887-D32D3CC57E74}.Debug|Any CPU.ActiveCfg = Debug|Any CPU
		{56D7440E-1164-4507-9887-D32D3CC57E74}.Debug|Any CPU.Build.0 = Debug|Any CPU
		{56D7440E-1164-4507-9887-D32D3CC57E74}.Release|Any CPU.ActiveCfg = Release|Any CPU
		{56D7440E-1164-4507-9887-D32D3CC57E74}.Release|Any CPU.Build.0 = Release|Any CPU
		{8FFBD513-9867-4BE7-96DB-B5046582E861}.Debug|Any CPU.ActiveCfg = Debug|Any CPU
		{8FFBD513-9867-4BE7-96DB-B5046582E861}.Debug|Any CPU.Build.0 = Debug|Any CPU
		{8FFBD513-9867-4BE7-96DB-B5046582E861}.Release|Any CPU.ActiveCfg = Release|Any CPU
		{8FFBD513-9867-4BE7-96DB-B5046582E861}.Release|Any CPU.Build.0 = Release|Any CPU
		{B1DEA227-43BE-4643-9379-3511B83DF831}.Debug|Any CPU.ActiveCfg = Debug|Any CPU
		{B1DEA227-43BE-4643-9379-3511B83DF831}.Debug|Any CPU.Build.0 = Debug|Any CPU
		{B1DEA227-43BE-4643-9379-3511B83DF831}.Release|Any CPU.ActiveCfg = Release|Any CPU
		{B1DEA227-43BE-4643-9379-3511B83DF831}.Release|Any CPU.Build.0 = Release|Any CPU
	EndGlobalSection
	GlobalSection(SolutionProperties) = preSolution
		HideSolutionNode = FALSE
	EndGlobalSection
EndGlobal
